
Microsoft Visual Studio Solution File, Format Version 12.00
# Visual Studio Version 16
VisualStudioVersion = 16.0.29519.181
MinimumVisualStudioVersion = 10.0.40219.1
Project("{FAE04EC0-301F-11D3-BF4B-00C04F79EFBC}") = "WPF_Task", "WPF_Task\WPF_Task.csproj", "{9947FF24-636C-4D66-ADE3-60DBF9D33CB5}"
EndProject
Global
	GlobalSection(SolutionConfigurationPlatforms) = preSolution
		Debug|Any CPU = Debug|Any CPU
		Release|Any CPU = Release|Any CPU
	EndGlobalSection
	GlobalSection(ProjectConfigurationPlatforms) = postSolution
		{9947FF24-636C-4D66-ADE3-60DBF9D33CB5}.Debug|Any CPU.ActiveCfg = Debug|Any CPU
		{9947FF24-636C-4D66-ADE3-60DBF9D33CB5}.Debug|Any CPU.Build.0 = Debug|Any CPU
		{9947FF24-636C-4D66-ADE3-60DBF9D33CB5}.Release|Any CPU.ActiveCfg = Release|Any CPU
		{9947FF24-636C-4D66-ADE3-60DBF9D33CB5}.Release|Any CPU.Build.0 = Release|Any CPU
	EndGlobalSection
	GlobalSection(SolutionProperties) = preSolution
		HideSolutionNode = FALSE
	EndGlobalSection
	GlobalSection(ExtensibilityGlobals) = postSolution
		SolutionGuid = {C549CB04-EBEB-42B4-B215-ACBED006BAD5}
	EndGlobalSection
EndGlobal
